
Microsoft Visual Studio Solution File, Format Version 12.00
# Visual Studio Version 16
VisualStudioVersion = 16.0.32228.343
MinimumVisualStudioVersion = 10.0.40219.1
Project("{FAE04EC0-301F-11D3-BF4B-00C04F79EFBC}") = "TiendaCarvajalAPI", "TiendaCarvajalAPI.csproj", "{DF766C0F-573A-47DA-A534-7EF98FE032D8}"
EndProject
Global
	GlobalSection(SolutionConfigurationPlatforms) = preSolution
		Debug|Any CPU = Debug|Any CPU
		Release|Any CPU = Release|Any CPU
	EndGlobalSection
	GlobalSection(ProjectConfigurationPlatforms) = postSolution
		{DF766C0F-573A-47DA-A534-7EF98FE032D8}.Debug|Any CPU.ActiveCfg = Debug|Any CPU
		{DF766C0F-573A-47DA-A534-7EF98FE032D8}.Debug|Any CPU.Build.0 = Debug|Any CPU
		{DF766C0F-573A-47DA-A534-7EF98FE032D8}.Release|Any CPU.ActiveCfg = Release|Any CPU
		{DF766C0F-573A-47DA-A534-7EF98FE032D8}.Release|Any CPU.Build.0 = Release|Any CPU
	EndGlobalSection
	GlobalSection(SolutionProperties) = preSolution
		HideSolutionNode = FALSE
	EndGlobalSection
	GlobalSection(ExtensibilityGlobals) = postSolution
		SolutionGuid = {34B21E65-3A63-4EE0-8F06-B4CC35A38F50}
	EndGlobalSection
EndGlobal
